{
  "nodes": {
    "blender": {
      "inputs": {
        "nixpkgs": [
          "nixpkgs"
        ]
      },
      "locked": {
        "dir": "blender",
        "lastModified": 1700742564,
        "narHash": "sha256-fkVV9AwGhyuoUy+nkiOg4fnuD9pb+t7bgdPbA38qDKM=",
        "owner": "edolstra",
        "repo": "nix-warez",
        "rev": "981a6b645f4e7427071c51b6b531a7317fc7a6c6",
        "type": "github"
      },
      "original": {
        "dir": "blender",
        "owner": "edolstra",
        "repo": "nix-warez",
        "type": "github"
      }
    },
    "flake-compat": {
      "flake": false,
      "locked": {
        "lastModified": 1696426674,
        "narHash": "sha256-kvjfFW7WAETZlt09AgDn1MrtKzP7t90Vf7vypd3OL1U=",
        "owner": "edolstra",
        "repo": "flake-compat",
        "rev": "0f9255e01c2351cc7d116c072cb317785dd33b33",
        "type": "github"
      },
      "original": {
        "owner": "edolstra",
        "repo": "flake-compat",
        "type": "github"
      }
    },
    "flake-parts": {
      "inputs": {
        "nixpkgs-lib": [
          "neovim-nightly",
          "nixpkgs"
        ]
      },
      "locked": {
        "lastModified": 1698882062,
        "narHash": "sha256-HkhafUayIqxXyHH1X8d9RDl1M2CkFgZLjKD3MzabiEo=",
        "owner": "hercules-ci",
        "repo": "flake-parts",
        "rev": "8c9fa2545007b49a5db5f650ae91f227672c3877",
        "type": "github"
      },
      "original": {
        "owner": "hercules-ci",
        "repo": "flake-parts",
        "type": "github"
      }
    },
    "flake-parts_2": {
      "inputs": {
        "nixpkgs-lib": [
          "neovim-nightly",
          "hercules-ci-effects",
          "nixpkgs"
        ]
      },
      "locked": {
        "lastModified": 1696343447,
        "narHash": "sha256-B2xAZKLkkeRFG5XcHHSXXcP7To9Xzr59KXeZiRf4vdQ=",
        "owner": "hercules-ci",
        "repo": "flake-parts",
        "rev": "c9afaba3dfa4085dbd2ccb38dfade5141e33d9d4",
        "type": "github"
      },
      "original": {
        "id": "flake-parts",
        "type": "indirect"
      }
    },
    "flake-parts_3": {
      "inputs": {
        "nixpkgs-lib": "nixpkgs-lib"
      },
      "locked": {
        "lastModified": 1698882062,
        "narHash": "sha256-HkhafUayIqxXyHH1X8d9RDl1M2CkFgZLjKD3MzabiEo=",
        "owner": "hercules-ci",
        "repo": "flake-parts",
        "rev": "8c9fa2545007b49a5db5f650ae91f227672c3877",
        "type": "github"
      },
      "original": {
        "owner": "hercules-ci",
        "repo": "flake-parts",
        "type": "github"
      }
    },
    "flake-utils": {
      "inputs": {
        "systems": "systems"
      },
      "locked": {
        "lastModified": 1685518550,
        "narHash": "sha256-o2d0KcvaXzTrPRIo0kOLV0/QXHhDQ5DTi+OxcjO8xqY=",
        "owner": "numtide",
        "repo": "flake-utils",
        "rev": "a1720a10a6cfe8234c0e93907ffe81be440f4cef",
        "type": "github"
      },
      "original": {
        "owner": "numtide",
        "repo": "flake-utils",
        "type": "github"
      }
    },
    "hardware": {
      "locked": {
        "lastModified": 1690200740,
        "narHash": "sha256-aRkEXGmCbAGcvDcdh/HB3YN+EvoPoxmJMOaqRZmf6vM=",
        "owner": "nixos",
        "repo": "nixos-hardware",
        "rev": "ba9650b14e83b365fb9e731f7d7c803f22d2aecf",
        "type": "github"
      },
      "original": {
        "owner": "nixos",
        "repo": "nixos-hardware",
        "type": "github"
      }
    },
    "hercules-ci-effects": {
      "inputs": {
        "flake-parts": "flake-parts_2",
        "nixpkgs": [
          "neovim-nightly",
          "nixpkgs"
        ]
      },
      "locked": {
        "lastModified": 1701009247,
        "narHash": "sha256-GuX16rzRze2y7CsewJLTV6qXkXWyEwp6VCZXi8HLruU=",
        "owner": "hercules-ci",
        "repo": "hercules-ci-effects",
        "rev": "31b6cd7569191bfcd0a548575b0e2ef953ed7d09",
        "type": "github"
      },
      "original": {
        "owner": "hercules-ci",
        "repo": "hercules-ci-effects",
        "type": "github"
      }
    },
    "home-manager": {
      "inputs": {
        "nixpkgs": [
          "nixpkgs"
        ]
      },
      "locked": {
        "lastModified": 1701071203,
        "narHash": "sha256-lQywA7QU/vzTdZ1apI0PfgCWNyQobXUYghVrR5zuIeM=",
        "owner": "nix-community",
        "repo": "home-manager",
        "rev": "db1878f013b52ba5e4034db7c1b63e8d04173a86",
        "type": "github"
      },
      "original": {
        "owner": "nix-community",
        "repo": "home-manager",
        "type": "github"
      }
    },
    "leiserfg-overlay": {
      "inputs": {
        "nixpkgs": "nixpkgs"
      },
      "locked": {
        "lastModified": 1700555860,
        "narHash": "sha256-C1dVrJ5oNfRd+LnIzc5kseX+NaHrxlgM4wTM8SuwCFU=",
        "owner": "leiserfg",
        "repo": "leiserfg-overlay",
        "rev": "4fe6cfeaa4ed7f1d98b672b748ddf28ec0cd13b2",
        "type": "github"
      },
      "original": {
        "owner": "leiserfg",
        "repo": "leiserfg-overlay",
        "type": "github"
      }
    },
    "neovim-flake": {
      "inputs": {
        "flake-utils": "flake-utils",
        "nixpkgs": [
          "neovim-nightly",
          "nixpkgs"
        ]
      },
      "locked": {
        "dir": "contrib",
        "lastModified": 1701382658,
        "narHash": "sha256-NeQ9lzphOm4ffRWz3Oo2sKAuOI+MyLi+uecuZeZTyvA=",
        "owner": "neovim",
        "repo": "neovim",
        "rev": "b32b5b2711ed338f4944c983a247f80c3163f87c",
        "type": "github"
      },
      "original": {
        "dir": "contrib",
        "owner": "neovim",
        "repo": "neovim",
        "type": "github"
      }
    },
    "neovim-nightly": {
      "inputs": {
        "flake-compat": "flake-compat",
        "flake-parts": "flake-parts",
        "hercules-ci-effects": "hercules-ci-effects",
        "neovim-flake": "neovim-flake",
        "nixpkgs": "nixpkgs_2"
      },
      "locked": {
        "lastModified": 1701389142,
        "narHash": "sha256-YBxJ2g7v8bCi1tncamTOPZvXMjG9+qNHphBSYLISOQ4=",
        "owner": "nix-community",
        "repo": "neovim-nightly-overlay",
        "rev": "9796182fba80ec1b2b24f119343d6121d1a47f28",
        "type": "github"
      },
      "original": {
        "owner": "nix-community",
        "repo": "neovim-nightly-overlay",
        "type": "github"
      }
    },
    "nix-gaming": {
      "inputs": {
        "flake-parts": "flake-parts_3",
        "nixpkgs": "nixpkgs_3"
      },
      "locked": {
        "lastModified": 1701364751,
        "narHash": "sha256-E1bufKdUPp3r+Tsfj0DyvuFz/hABUsQ/2n2NynPf0iw=",
        "owner": "fufexan",
        "repo": "nix-gaming",
        "rev": "81af8b6232ed99c46413ca6d43aeb185c53f65b8",
        "type": "github"
      },
      "original": {
        "owner": "fufexan",
        "repo": "nix-gaming",
        "type": "github"
      }
    },
    "nixpkgs": {
      "locked": {
        "lastModified": 1700390070,
        "narHash": "sha256-de9KYi8rSJpqvBfNwscWdalIJXPo8NjdIZcEJum1mH0=",
        "owner": "NixOS",
        "repo": "nixpkgs",
        "rev": "e4ad989506ec7d71f7302cc3067abd82730a4beb",
        "type": "github"
      },
      "original": {
        "id": "nixpkgs",
        "ref": "nixos-unstable",
        "type": "indirect"
      }
    },
    "nixpkgs-lib": {
      "locked": {
        "dir": "lib",
        "lastModified": 1698611440,
        "narHash": "sha256-jPjHjrerhYDy3q9+s5EAsuhyhuknNfowY6yt6pjn9pc=",
        "owner": "NixOS",
        "repo": "nixpkgs",
        "rev": "0cbe9f69c234a7700596e943bfae7ef27a31b735",
        "type": "github"
      },
      "original": {
        "dir": "lib",
        "owner": "NixOS",
        "ref": "nixos-unstable",
        "repo": "nixpkgs",
        "type": "github"
      }
    },
    "nixpkgs-unstable": {
      "locked": {
        "lastModified": 1701436327,
        "narHash": "sha256-tRHbnoNI8SIM5O5xuxOmtSLnswEByzmnQcGGyNRjxsE=",
        "owner": "nixos",
        "repo": "nixpkgs",
        "rev": "91050ea1e57e50388fa87a3302ba12d188ef723a",
        "type": "github"
      },
      "original": {
        "owner": "nixos",
        "ref": "nixos-unstable",
        "repo": "nixpkgs",
        "type": "github"
      }
    },
    "nixpkgs_2": {
      "locked": {
        "lastModified": 1701336116,
        "narHash": "sha256-kEmpezCR/FpITc6yMbAh4WrOCiT2zg5pSjnKrq51h5Y=",
        "owner": "NixOS",
        "repo": "nixpkgs",
        "rev": "f5c27c6136db4d76c30e533c20517df6864c46ee",
        "type": "github"
      },
      "original": {
        "owner": "NixOS",
        "ref": "nixpkgs-unstable",
        "repo": "nixpkgs",
        "type": "github"
      }
    },
    "nixpkgs_3": {
      "locked": {
        "lastModified": 1700856099,
        "narHash": "sha256-RnEA7iJ36Ay9jI0WwP+/y4zjEhmeN6Cjs9VOFBH7eVQ=",
        "owner": "NixOS",
        "repo": "nixpkgs",
        "rev": "0bd59c54ef06bc34eca01e37d689f5e46b3fe2f1",
        "type": "github"
      },
      "original": {
        "owner": "NixOS",
        "ref": "nixpkgs-unstable",
        "repo": "nixpkgs",
        "type": "github"
      }
    },
    "nixpkgs_4": {
      "locked": {
        "lastModified": 1701263465,
        "narHash": "sha256-lNXUIlkfyDyp9Ox21hr+wsEf/IBklLvb6bYcyeXbdRc=",
        "owner": "nixos",
        "repo": "nixpkgs",
        "rev": "50aa30a13c4ab5e7ba282da460a3e3d44e9d0eb3",
        "type": "github"
      },
      "original": {
        "owner": "nixos",
        "ref": "nixos-23.11",
        "repo": "nixpkgs",
        "type": "github"
      }
    },
    "root": {
      "inputs": {
        "blender": "blender",
        "hardware": "hardware",
        "home-manager": "home-manager",
        "leiserfg-overlay": "leiserfg-overlay",
        "neovim-nightly": "neovim-nightly",
        "nix-gaming": "nix-gaming",
        "nixpkgs": "nixpkgs_4",
        "nixpkgs-unstable": "nixpkgs-unstable"
      }
    },
    "systems": {
      "locked": {
        "lastModified": 1681028828,
        "narHash": "sha256-Vy1rq5AaRuLzOxct8nz4T6wlgyUR7zLU309k9mBC768=",
        "owner": "nix-systems",
        "repo": "default",
        "rev": "da67096a3b9bf56a91d16901293e51ba5b49a27e",
        "type": "github"
      },
      "original": {
        "owner": "nix-systems",
        "repo": "default",
        "type": "github"
      }
    }
  },
  "root": "root",
  "version": 7
}
